<?xml version="1.0" encoding="utf-8"?>
<Project ToolsVersion="4.0" xmlns="http://schemas.microsoft.com/developer/msbuild/2003">
  <ItemGroup>
    <ClCompile Include="stdafx.cpp">
      <Filter>Precompile</Filter>
    </ClCompile>
    <ClCompile Include="CE_Engine.cpp" />
    <ClCompile Include="CE_AssetManager.cpp" />
  </ItemGroup>
  <ItemGroup>
    <Filter Include="Precompile">
      <UniqueIdentifier>{87e0d177-5502-4fef-b522-fc3042398d4a}</UniqueIdentifier>
    </Filter>
    <Filter Include="Math">
      <UniqueIdentifier>{6e9bd263-f256-4572-a822-769f92a2f3fa}</UniqueIdentifier>
    </Filter>
  </ItemGroup>
  <ItemGroup>
    <ClInclude Include="stdafx.h">
      <Filter>Precompile</Filter>
    </ClInclude>
    <ClInclude Include="CE_Engine.h" />
    <ClInclude Include="CE_AssetManager.h" />
    <ClInclude Include="CE_Vector2.h">
      <Filter>Math</Filter>
    </ClInclude>
    <ClInclude Include="CE_Vector3.h">
      <Filter>Math</Filter>
    </ClInclude>
    <ClInclude Include="CE_Vector4.h">
      <Filter>Math</Filter>
    </ClInclude>
  </ItemGroup>
</Project>