<?xml version="1.0" encoding="utf-8"?>
<Project ToolsVersion="4.0" xmlns="http://schemas.microsoft.com/developer/msbuild/2003">
  <ItemGroup>
    <ClCompile Include="stdafx.cpp">
      <Filter>Precompile</Filter>
    </ClCompile>
    <ClCompile Include="CE_Engine.cpp" />
    <ClCompile Include="CE_AssetManager.cpp" />
    <ClCompile Include="CE_WindowHandler.cpp" />
    <ClCompile Include="CE_DebugLogger.cpp">
      <Filter>Debug</Filter>
    </ClCompile>
    <ClCompile Include="CE_Murmur.cpp">
      <Filter>String</Filter>
    </ClCompile>
    <ClCompile Include="CE_DirectX.cpp">
      <Filter>DirectX</Filter>
    </ClCompile>
    <ClCompile Include="CE_DirextXFactory.cpp">
      <Filter>DirectX</Filter>
    </ClCompile>
    <ClCompile Include="CE_ColorShaderClass.cpp">
      <Filter>Rendering</Filter>
    </ClCompile>
    <ClCompile Include="CE_Model.cpp">
      <Filter>Rendering</Filter>
    </ClCompile>
    <ClCompile Include="CE_Cube.cpp">
      <Filter>Rendering</Filter>
    </ClCompile>
  </ItemGroup>
  <ItemGroup>
    <Filter Include="Precompile">
      <UniqueIdentifier>{87e0d177-5502-4fef-b522-fc3042398d4a}</UniqueIdentifier>
    </Filter>
    <Filter Include="Math">
      <UniqueIdentifier>{6e9bd263-f256-4572-a822-769f92a2f3fa}</UniqueIdentifier>
    </Filter>
    <Filter Include="Debug">
      <UniqueIdentifier>{db58d6fd-001a-403c-9c36-e66bc54f8f25}</UniqueIdentifier>
    </Filter>
    <Filter Include="String">
      <UniqueIdentifier>{76d545d5-1bd8-4bbb-962b-cf6b9983c125}</UniqueIdentifier>
    </Filter>
    <Filter Include="DirectX">
      <UniqueIdentifier>{4f59e534-afaa-4e7a-8b8a-61c5b3b05204}</UniqueIdentifier>
    </Filter>
    <Filter Include="Rendering">
      <UniqueIdentifier>{ff1c7d03-2fd7-4e4a-ac57-057201fa0b4b}</UniqueIdentifier>
    </Filter>
  </ItemGroup>
  <ItemGroup>
    <ClInclude Include="stdafx.h">
      <Filter>Precompile</Filter>
    </ClInclude>
    <ClInclude Include="CE_Engine.h" />
    <ClInclude Include="CE_AssetManager.h" />
    <ClInclude Include="CE_Vector2.h">
      <Filter>Math</Filter>
    </ClInclude>
    <ClInclude Include="CE_Vector3.h">
      <Filter>Math</Filter>
    </ClInclude>
    <ClInclude Include="CE_Vector4.h">
      <Filter>Math</Filter>
    </ClInclude>
    <ClInclude Include="CE_WindowHandler.h" />
    <ClInclude Include="CE_DebugLogger.h">
      <Filter>Debug</Filter>
    </ClInclude>
    <ClInclude Include="CE_Memory.h" />
    <ClInclude Include="CE_String.h">
      <Filter>String</Filter>
    </ClInclude>
    <ClInclude Include="CE_Murmur.h">
      <Filter>String</Filter>
    </ClInclude>
    <ClInclude Include="CE_Hashing.h">
      <Filter>String</Filter>
    </ClInclude>
    <ClInclude Include="CE_Assert.h">
      <Filter>Debug</Filter>
    </ClInclude>
    <ClInclude Include="CE_DirectX.h">
      <Filter>DirectX</Filter>
    </ClInclude>
    <ClInclude Include="CE_DirextXFactory.h">
      <Filter>DirectX</Filter>
    </ClInclude>
    <ClInclude Include="CE_Matrix33.h">
      <Filter>Math</Filter>
    </ClInclude>
    <ClInclude Include="CE_Matrix44.h">
      <Filter>Math</Filter>
    </ClInclude>
    <ClInclude Include="CE_ColorShaderClass.h">
      <Filter>Rendering</Filter>
    </ClInclude>
    <ClInclude Include="CE_Model.h">
      <Filter>Rendering</Filter>
    </ClInclude>
    <ClInclude Include="CE_Matrix33_Decl.h">
      <Filter>Math</Filter>
    </ClInclude>
    <ClInclude Include="CE_Matrix44_Decl.h">
      <Filter>Math</Filter>
    </ClInclude>
    <ClInclude Include="CE_Vector2_Decl.h">
      <Filter>Math</Filter>
    </ClInclude>
    <ClInclude Include="CE_Vector3_Decl.h">
      <Filter>Math</Filter>
    </ClInclude>
    <ClInclude Include="CE_Vector4_Decl.h">
      <Filter>Math</Filter>
    </ClInclude>
    <ClInclude Include="CE_Types.h" />
    <ClInclude Include="CE_Cube.h">
      <Filter>Rendering</Filter>
    </ClInclude>
  </ItemGroup>
</Project>