<?xml version="1.0" encoding="utf-8"?>
<Project ToolsVersion="4.0" xmlns="http://schemas.microsoft.com/developer/msbuild/2003">
  <ItemGroup>
    <ClCompile Include="stdafx.cpp">
      <Filter>Precompile</Filter>
    </ClCompile>
    <ClCompile Include="CE_Engine.cpp" />
    <ClCompile Include="CE_DebugLogger.cpp">
      <Filter>Debug</Filter>
    </ClCompile>
    <ClCompile Include="CE_Murmur.cpp">
      <Filter>Utility\String</Filter>
    </ClCompile>
    <ClCompile Include="CE_DirectX.cpp">
      <Filter>DirectX</Filter>
    </ClCompile>
    <ClCompile Include="CE_DirextXFactory.cpp">
      <Filter>DirectX</Filter>
    </ClCompile>
    <ClCompile Include="CE_GPUContext.cpp">
      <Filter>DirectX</Filter>
    </ClCompile>
    <ClCompile Include="CE_Camera.cpp">
      <Filter>Rendering</Filter>
    </ClCompile>
    <ClCompile Include="CE_BaseProcessor.cpp">
      <Filter>Entity</Filter>
    </ClCompile>
    <ClCompile Include="CE_World.cpp">
      <Filter>Entity</Filter>
    </ClCompile>
    <ClCompile Include="CE_ComponentStorage.cpp">
      <Filter>Entity</Filter>
    </ClCompile>
    <ClCompile Include="CE_Time.cpp">
      <Filter>Utility</Filter>
    </ClCompile>
    <ClCompile Include="CE_Input.cpp">
      <Filter>Utility</Filter>
    </ClCompile>
    <ClCompile Include="CUI_Manager.cpp">
      <Filter>GUI</Filter>
    </ClCompile>
    <ClCompile Include="CUI_Container.cpp">
      <Filter>GUI</Filter>
    </ClCompile>
    <ClCompile Include="CUI_HBox.cpp">
      <Filter>GUI</Filter>
    </ClCompile>
    <ClCompile Include="CUI_VBox.cpp">
      <Filter>GUI</Filter>
    </ClCompile>
    <ClCompile Include="CE_Texture.cpp">
      <Filter>Rendering</Filter>
    </ClCompile>
    <ClCompile Include="CE_Font.cpp">
      <Filter>Rendering\Text</Filter>
    </ClCompile>
    <ClCompile Include="CE_FileParser.cpp">
      <Filter>Utility\Files</Filter>
    </ClCompile>
    <ClCompile Include="CE_BTInitNode.cpp">
      <Filter>AI\Behavior\Nodes</Filter>
    </ClCompile>
    <ClCompile Include="CE_BTMoveToNode.cpp">
      <Filter>AI\Behavior\Nodes</Filter>
    </ClCompile>
    <ClCompile Include="CE_BTSequenceNode.cpp">
      <Filter>AI\Behavior\Nodes</Filter>
    </ClCompile>
    <ClCompile Include="CE_BehaviorTree.cpp">
      <Filter>AI\Behavior</Filter>
    </ClCompile>
    <ClCompile Include="CE_Blackboard.cpp">
      <Filter>AI\Behavior</Filter>
    </ClCompile>
    <ClCompile Include="CE_NavMesh.cpp">
      <Filter>AI\Navigation</Filter>
    </ClCompile>
    <ClCompile Include="CE_PathFinder.cpp">
      <Filter>AI\Navigation</Filter>
    </ClCompile>
    <ClCompile Include="CE_NavMeshPrimitives.cpp">
      <Filter>AI\Navigation</Filter>
    </ClCompile>
    <ClCompile Include="CE_Path.cpp">
      <Filter>AI\Navigation</Filter>
    </ClCompile>
    <ClCompile Include="CE_BTActionNode.cpp">
      <Filter>AI\Behavior\Nodes</Filter>
    </ClCompile>
    <ClCompile Include="CPY_PhysicsWorld.cpp">
      <Filter>Physics</Filter>
    </ClCompile>
    <ClCompile Include="CPY_CollisionEntity.cpp">
      <Filter>Physics</Filter>
    </ClCompile>
    <ClCompile Include="CE_DebugRenderManager.cpp">
      <Filter>Rendering\Debugging</Filter>
    </ClCompile>
    <ClCompile Include="CE_Renderer.cpp">
      <Filter>Rendering\Renderers</Filter>
    </ClCompile>
    <ClCompile Include="CE_RendererProxy.cpp">
      <Filter>Rendering\Renderers</Filter>
    </ClCompile>
    <ClCompile Include="CE_DeferredRenderer.cpp">
      <Filter>Rendering\Renderers</Filter>
    </ClCompile>
    <ClCompile Include="CE_SwapChain.cpp">
      <Filter>DirectX</Filter>
    </ClCompile>
    <ClCompile Include="CE_RenderObject.cpp">
      <Filter>Rendering\RenderObjects</Filter>
    </ClCompile>
    <ClCompile Include="CE_GBuffer.cpp">
      <Filter>Rendering\Buffers</Filter>
    </ClCompile>
    <ClCompile Include="CE_Text.cpp">
      <Filter>Rendering\RenderObjects\Old</Filter>
    </ClCompile>
    <ClCompile Include="CE_LineRenderObject.cpp">
      <Filter>Rendering\RenderObjects</Filter>
    </ClCompile>
    <ClCompile Include="CE_GPUBuffer.cpp">
      <Filter>Rendering\Buffers</Filter>
    </ClCompile>
    <ClCompile Include="CE_IcoSphereCreator.cpp">
      <Filter>Rendering\RenderObjects\ModelCreator</Filter>
    </ClCompile>
    <ClCompile Include="CE_LightSphereCreator.cpp">
      <Filter>Rendering\RenderObjects\ModelCreator</Filter>
    </ClCompile>
    <ClCompile Include="CE_ModelSphereCreator.cpp">
      <Filter>Rendering\RenderObjects\ModelCreator</Filter>
    </ClCompile>
    <ClCompile Include="CE_ConstantBuffer.cpp">
      <Filter>Rendering\Buffers</Filter>
    </ClCompile>
    <ClCompile Include="CE_PixelShader.cpp">
      <Filter>Rendering\Shaders</Filter>
    </ClCompile>
    <ClCompile Include="CE_VertexShader.cpp">
      <Filter>Rendering\Shaders</Filter>
    </ClCompile>
    <ClCompile Include="CE_GenericShader.cpp">
      <Filter>Rendering\Shaders</Filter>
    </ClCompile>
    <ClCompile Include="CE_ShaderPair.cpp">
      <Filter>Rendering\Shaders</Filter>
    </ClCompile>
    <ClCompile Include="CE_ShaderManager.cpp">
      <Filter>Rendering\Assets</Filter>
    </ClCompile>
    <ClCompile Include="CE_FileSystem.cpp">
      <Filter>Utility\Files</Filter>
    </ClCompile>
    <ClCompile Include="CE_NeuralNetwork.cpp">
      <Filter>AI\Neural Network</Filter>
    </ClCompile>
    <ClCompile Include="CE_GeneticAlgorithm.cpp">
      <Filter>AI\Neural Network</Filter>
    </ClCompile>
    <ClCompile Include="CT_Gizmo.cpp">
      <Filter>Tools</Filter>
    </ClCompile>
    <ClCompile Include="CT_ToolModule.cpp">
      <Filter>Tools</Filter>
    </ClCompile>
    <ClCompile Include="CE_Matrix44.cpp">
      <Filter>Utility\Math</Filter>
    </ClCompile>
    <ClCompile Include="CE_WindowManager.cpp">
      <Filter>DirectX\Windows</Filter>
    </ClCompile>
    <ClCompile Include="CE_Window.cpp">
      <Filter>DirectX\Windows</Filter>
    </ClCompile>
    <ClCompile Include="CE_BinaryFileWriter.cpp">
      <Filter>Utility\Files</Filter>
    </ClCompile>
    <ClCompile Include="CE_BinaryFileReader.cpp">
      <Filter>Utility\Files</Filter>
    </ClCompile>
    <ClCompile Include="CUI_Button.cpp">
      <Filter>GUI\Widgets</Filter>
    </ClCompile>
    <ClCompile Include="CUI_Dropbox.cpp">
      <Filter>GUI\Widgets</Filter>
    </ClCompile>
    <ClCompile Include="CUI_EditBox.cpp">
      <Filter>GUI\Widgets</Filter>
    </ClCompile>
    <ClCompile Include="CUI_Image.cpp">
      <Filter>GUI\Widgets</Filter>
    </ClCompile>
    <ClCompile Include="CUI_Label.cpp">
      <Filter>GUI\Widgets</Filter>
    </ClCompile>
    <ClCompile Include="CUI_TreeView.cpp">
      <Filter>GUI\Widgets</Filter>
    </ClCompile>
    <ClCompile Include="CUI_Widget.cpp">
      <Filter>GUI\Widgets</Filter>
    </ClCompile>
    <ClCompile Include="CUI_ValueController.cpp">
      <Filter>GUI\Widgets</Filter>
    </ClCompile>
    <ClCompile Include="CUI_VisualNode.cpp">
      <Filter>GUI\NodeEditor</Filter>
    </ClCompile>
    <ClCompile Include="CUI_NodeEditor.cpp">
      <Filter>GUI\NodeEditor</Filter>
    </ClCompile>
    <ClCompile Include="CUI_Pin.cpp">
      <Filter>GUI\NodeEditor</Filter>
    </ClCompile>
    <ClCompile Include="CE_TypeID.cpp">
      <Filter>Reflection</Filter>
    </ClCompile>
    <ClCompile Include="CN_Node.cpp">
      <Filter>NodeGraph\NativeNodes</Filter>
    </ClCompile>
    <ClCompile Include="CN_Pin.cpp">
      <Filter>NodeGraph\NativeNodes</Filter>
    </ClCompile>
    <ClCompile Include="CN_NodeFactory.cpp">
      <Filter>NodeGraph</Filter>
    </ClCompile>
    <ClCompile Include="CN_ScriptDrawLineNode.cpp">
      <Filter>NodeGraph\Nodes</Filter>
    </ClCompile>
    <ClCompile Include="CN_ScriptInitNode.cpp">
      <Filter>NodeGraph\Nodes</Filter>
    </ClCompile>
    <ClCompile Include="CN_NodeGraph.cpp">
      <Filter>NodeGraph</Filter>
    </ClCompile>
    <ClCompile Include="CN_Script3In3OutNode.cpp">
      <Filter>NodeGraph\Nodes</Filter>
    </ClCompile>
    <ClCompile Include="CN_PositionNodes.cpp">
      <Filter>NodeGraph\Nodes</Filter>
    </ClCompile>
  </ItemGroup>
  <ItemGroup>
    <Filter Include="Precompile">
      <UniqueIdentifier>{87e0d177-5502-4fef-b522-fc3042398d4a}</UniqueIdentifier>
    </Filter>
    <Filter Include="Debug">
      <UniqueIdentifier>{db58d6fd-001a-403c-9c36-e66bc54f8f25}</UniqueIdentifier>
    </Filter>
    <Filter Include="Rendering">
      <UniqueIdentifier>{ff1c7d03-2fd7-4e4a-ac57-057201fa0b4b}</UniqueIdentifier>
    </Filter>
    <Filter Include="Entity">
      <UniqueIdentifier>{3ec3f9b9-8d72-49c1-b37a-a9c4a11e2998}</UniqueIdentifier>
    </Filter>
    <Filter Include="Rendering\RenderObjects">
      <UniqueIdentifier>{0890ffd0-75cd-4bdf-a876-34da2f40d7d7}</UniqueIdentifier>
    </Filter>
    <Filter Include="Rendering\Shaders">
      <UniqueIdentifier>{f4dd2e66-3669-4f3e-9459-e39f108fa9c2}</UniqueIdentifier>
    </Filter>
    <Filter Include="GUI">
      <UniqueIdentifier>{e6732010-64ad-4151-809a-ebea9f735a3c}</UniqueIdentifier>
    </Filter>
    <Filter Include="Rendering\Text">
      <UniqueIdentifier>{5bd03dcc-bc75-4eda-94f1-7d55dd48f625}</UniqueIdentifier>
    </Filter>
    <Filter Include="AI">
      <UniqueIdentifier>{c9255e17-687f-4dee-9510-64a1c801d060}</UniqueIdentifier>
    </Filter>
    <Filter Include="AI\Behavior">
      <UniqueIdentifier>{c87478c5-d8ca-4715-9a3d-c3432108ab0d}</UniqueIdentifier>
    </Filter>
    <Filter Include="AI\Behavior\Nodes">
      <UniqueIdentifier>{98b49910-69a8-41c6-a79c-76add0f2b623}</UniqueIdentifier>
    </Filter>
    <Filter Include="AI\Navigation">
      <UniqueIdentifier>{ab08ca7a-d77f-47b3-aba5-a045b7e01335}</UniqueIdentifier>
    </Filter>
    <Filter Include="Rendering\Debugging">
      <UniqueIdentifier>{779ade8b-0d9e-46f1-9e92-579040e0028e}</UniqueIdentifier>
    </Filter>
    <Filter Include="Rendering\Renderers">
      <UniqueIdentifier>{172eb193-68a1-4369-bec8-8c7e5be6ad86}</UniqueIdentifier>
    </Filter>
    <Filter Include="Rendering\Buffers">
      <UniqueIdentifier>{81e2345d-017e-45f7-83be-6760dfdc014a}</UniqueIdentifier>
    </Filter>
    <Filter Include="Rendering\RenderObjects\Old">
      <UniqueIdentifier>{58cdec27-3e0e-4aba-8fef-a8e825f9d233}</UniqueIdentifier>
    </Filter>
    <Filter Include="Rendering\RenderObjects\ModelCreator">
      <UniqueIdentifier>{d5fd9f88-a928-425f-823c-4e1205e85ae8}</UniqueIdentifier>
    </Filter>
    <Filter Include="Rendering\Assets">
      <UniqueIdentifier>{2ef02b99-91a1-4e22-addc-d850cd09a374}</UniqueIdentifier>
    </Filter>
    <Filter Include="AI\Neural Network">
      <UniqueIdentifier>{d599908c-2458-4008-acb5-86646b640fb2}</UniqueIdentifier>
    </Filter>
    <Filter Include="Tools">
      <UniqueIdentifier>{09069c10-6ea3-424d-b567-5ff566920071}</UniqueIdentifier>
    </Filter>
    <Filter Include="Physics">
      <UniqueIdentifier>{6d41f349-67ba-4125-ab3f-21892fa1d24a}</UniqueIdentifier>
    </Filter>
    <Filter Include="Physics\Intersection">
      <UniqueIdentifier>{400193ed-6855-48af-b297-09e5827c75b0}</UniqueIdentifier>
    </Filter>
    <Filter Include="DirectX">
      <UniqueIdentifier>{4f59e534-afaa-4e7a-8b8a-61c5b3b05204}</UniqueIdentifier>
    </Filter>
    <Filter Include="Utility">
      <UniqueIdentifier>{388e8702-2b6e-47a9-b006-eedcda3bb55a}</UniqueIdentifier>
    </Filter>
    <Filter Include="Utility\Math">
      <UniqueIdentifier>{6e9bd263-f256-4572-a822-769f92a2f3fa}</UniqueIdentifier>
    </Filter>
    <Filter Include="Utility\String">
      <UniqueIdentifier>{76d545d5-1bd8-4bbb-962b-cf6b9983c125}</UniqueIdentifier>
    </Filter>
    <Filter Include="Utility\Files">
      <UniqueIdentifier>{70e53c6f-81ae-41e1-a7b2-e91af36d9bd9}</UniqueIdentifier>
    </Filter>
    <Filter Include="DirectX\Windows">
      <UniqueIdentifier>{9c2cda16-f93c-4863-b3c3-22d2bb35718c}</UniqueIdentifier>
    </Filter>
    <Filter Include="GUI\NodeEditor">
      <UniqueIdentifier>{91dab116-b77a-4ca0-b702-75cac5fe9001}</UniqueIdentifier>
    </Filter>
    <Filter Include="GUI\Widgets">
      <UniqueIdentifier>{65c8a09c-36e1-4d1e-8f85-38ffd83ddabe}</UniqueIdentifier>
    </Filter>
    <Filter Include="Reflection">
      <UniqueIdentifier>{dff15808-72cc-4445-b26b-2fbd891299f8}</UniqueIdentifier>
    </Filter>
    <Filter Include="NodeGraph">
      <UniqueIdentifier>{0df380d8-32c7-40ac-85f1-111abdb7ecb4}</UniqueIdentifier>
    </Filter>
    <Filter Include="NodeGraph\NativeNodes">
      <UniqueIdentifier>{27a8559d-3eb1-450d-bf8f-f9d0d6066d6d}</UniqueIdentifier>
    </Filter>
    <Filter Include="NodeGraph\Nodes">
      <UniqueIdentifier>{021d84e9-aa62-4107-9cf3-b02ee37485a3}</UniqueIdentifier>
    </Filter>
  </ItemGroup>
  <ItemGroup>
    <ClInclude Include="stdafx.h">
      <Filter>Precompile</Filter>
    </ClInclude>
    <ClInclude Include="CE_Engine.h" />
    <ClInclude Include="CE_Vector2.h">
      <Filter>Utility\Math</Filter>
    </ClInclude>
    <ClInclude Include="CE_Vector3.h">
      <Filter>Utility\Math</Filter>
    </ClInclude>
    <ClInclude Include="CE_Vector4.h">
      <Filter>Utility\Math</Filter>
    </ClInclude>
    <ClInclude Include="CE_DebugLogger.h">
      <Filter>Debug</Filter>
    </ClInclude>
    <ClInclude Include="CE_Memory.h" />
    <ClInclude Include="CE_String.h">
      <Filter>Utility\String</Filter>
    </ClInclude>
    <ClInclude Include="CE_Murmur.h">
      <Filter>Utility\String</Filter>
    </ClInclude>
    <ClInclude Include="CE_Hashing.h">
      <Filter>Utility\String</Filter>
    </ClInclude>
    <ClInclude Include="CE_Assert.h">
      <Filter>Debug</Filter>
    </ClInclude>
    <ClInclude Include="CE_DirectX.h">
      <Filter>DirectX</Filter>
    </ClInclude>
    <ClInclude Include="CE_DirextXFactory.h">
      <Filter>DirectX</Filter>
    </ClInclude>
    <ClInclude Include="CE_Vector2_Decl.h">
      <Filter>Utility\Math</Filter>
    </ClInclude>
    <ClInclude Include="CE_Vector3_Decl.h">
      <Filter>Utility\Math</Filter>
    </ClInclude>
    <ClInclude Include="CE_Vector4_Decl.h">
      <Filter>Utility\Math</Filter>
    </ClInclude>
    <ClInclude Include="CE_GPUContext.h">
      <Filter>DirectX</Filter>
    </ClInclude>
    <ClInclude Include="CE_Camera.h">
      <Filter>Rendering</Filter>
    </ClInclude>
    <ClInclude Include="CE_Game.h" />
    <ClInclude Include="CE_BaseComponent.h">
      <Filter>Entity</Filter>
    </ClInclude>
    <ClInclude Include="CE_BaseProcessor.h">
      <Filter>Entity</Filter>
    </ClInclude>
    <ClInclude Include="CE_World.h">
      <Filter>Entity</Filter>
    </ClInclude>
    <ClInclude Include="CE_ComponentFilter.h">
      <Filter>Entity</Filter>
    </ClInclude>
    <ClInclude Include="CE_CustomEntityTypes.h">
      <Filter>Entity</Filter>
    </ClInclude>
    <ClInclude Include="CE_GrowingArray.h">
      <Filter>Utility</Filter>
    </ClInclude>
    <ClInclude Include="CE_StaticArray.h">
      <Filter>Utility</Filter>
    </ClInclude>
    <ClInclude Include="CE_ComponentStorage.h">
      <Filter>Entity</Filter>
    </ClInclude>
    <ClInclude Include="CE_Time.h">
      <Filter>Utility</Filter>
    </ClInclude>
    <ClInclude Include="CE_Input.h">
      <Filter>Utility</Filter>
    </ClInclude>
    <ClInclude Include="CE_Map.h">
      <Filter>Utility</Filter>
    </ClInclude>
    <ClInclude Include="CUI_Manager.h">
      <Filter>GUI</Filter>
    </ClInclude>
    <ClInclude Include="CUI_Container.h">
      <Filter>GUI</Filter>
    </ClInclude>
    <ClInclude Include="CUI_HBox.h">
      <Filter>GUI</Filter>
    </ClInclude>
    <ClInclude Include="CUI_VBox.h">
      <Filter>GUI</Filter>
    </ClInclude>
    <ClInclude Include="CE_CommonHelper.h">
      <Filter>Utility</Filter>
    </ClInclude>
    <ClInclude Include="CE_Texture.h">
      <Filter>Rendering</Filter>
    </ClInclude>
    <ClInclude Include="CE_Font.h">
      <Filter>Rendering\Text</Filter>
    </ClInclude>
    <ClInclude Include="CE_FileParser.h">
      <Filter>Utility\Files</Filter>
    </ClInclude>
    <ClInclude Include="CE_BTNode.h">
      <Filter>AI\Behavior\Nodes</Filter>
    </ClInclude>
    <ClInclude Include="CE_BTInitNode.h">
      <Filter>AI\Behavior\Nodes</Filter>
    </ClInclude>
    <ClInclude Include="CE_BTMoveToNode.h">
      <Filter>AI\Behavior\Nodes</Filter>
    </ClInclude>
    <ClInclude Include="CE_BTSequenceNode.h">
      <Filter>AI\Behavior\Nodes</Filter>
    </ClInclude>
    <ClInclude Include="CE_DebugDraw.h">
      <Filter>Debug</Filter>
    </ClInclude>
    <ClInclude Include="CE_BehaviorTree.h">
      <Filter>AI\Behavior</Filter>
    </ClInclude>
    <ClInclude Include="CE_Blackboard.h">
      <Filter>AI\Behavior</Filter>
    </ClInclude>
    <ClInclude Include="CE_NavMesh.h">
      <Filter>AI\Navigation</Filter>
    </ClInclude>
    <ClInclude Include="CE_PathFinder.h">
      <Filter>AI\Navigation</Filter>
    </ClInclude>
    <ClInclude Include="CE_NavMeshPrimitives.h">
      <Filter>AI\Navigation</Filter>
    </ClInclude>
    <ClInclude Include="CE_Heap.h">
      <Filter>Utility</Filter>
    </ClInclude>
    <ClInclude Include="CE_Path.h">
      <Filter>AI\Navigation</Filter>
    </ClInclude>
    <ClInclude Include="CE_BTActionNode.h">
      <Filter>AI\Behavior\Nodes</Filter>
    </ClInclude>
    <ClInclude Include="CPY_PhysicsWorld.h">
      <Filter>Physics</Filter>
    </ClInclude>
    <ClInclude Include="CPY_AABB.h">
      <Filter>Physics\Intersection</Filter>
    </ClInclude>
    <ClInclude Include="CPY_Intersection.h">
      <Filter>Physics\Intersection</Filter>
    </ClInclude>
    <ClInclude Include="CPY_Line3D.h">
      <Filter>Physics\Intersection</Filter>
    </ClInclude>
    <ClInclude Include="CPY_CollisionEntity.h">
      <Filter>Physics</Filter>
    </ClInclude>
    <ClInclude Include="CE_DebugPrimitives.h">
      <Filter>Rendering\Debugging</Filter>
    </ClInclude>
    <ClInclude Include="CE_DebugRenderManager.h">
      <Filter>Rendering\Debugging</Filter>
    </ClInclude>
    <ClInclude Include="CE_Renderer.h">
      <Filter>Rendering\Renderers</Filter>
    </ClInclude>
    <ClInclude Include="CE_RendererProxy.h">
      <Filter>Rendering\Renderers</Filter>
    </ClInclude>
    <ClInclude Include="CE_DeferredRenderer.h">
      <Filter>Rendering\Renderers</Filter>
    </ClInclude>
    <ClInclude Include="CE_SwapChain.h">
      <Filter>DirectX</Filter>
    </ClInclude>
    <ClInclude Include="CE_RenderObject.h">
      <Filter>Rendering\RenderObjects</Filter>
    </ClInclude>
    <ClInclude Include="CE_GBuffer.h">
      <Filter>Rendering\Buffers</Filter>
    </ClInclude>
    <ClInclude Include="CE_Text.h">
      <Filter>Rendering\RenderObjects\Old</Filter>
    </ClInclude>
    <ClInclude Include="CE_LineRenderObject.h">
      <Filter>Rendering\RenderObjects</Filter>
    </ClInclude>
    <ClInclude Include="CE_GPUBuffer.h">
      <Filter>Rendering\Buffers</Filter>
    </ClInclude>
    <ClInclude Include="CE_ShaderStructs.h">
      <Filter>Rendering\Buffers</Filter>
    </ClInclude>
    <ClInclude Include="CE_IcoSphereCreator.h">
      <Filter>Rendering\RenderObjects\ModelCreator</Filter>
    </ClInclude>
    <ClInclude Include="CE_LightSphereCreator.h">
      <Filter>Rendering\RenderObjects\ModelCreator</Filter>
    </ClInclude>
    <ClInclude Include="CE_ModelSphereCreator.h">
      <Filter>Rendering\RenderObjects\ModelCreator</Filter>
    </ClInclude>
    <ClInclude Include="CE_ConstantBuffer.h">
      <Filter>Rendering\Buffers</Filter>
    </ClInclude>
    <ClInclude Include="CE_PixelShader.h">
      <Filter>Rendering\Shaders</Filter>
    </ClInclude>
    <ClInclude Include="CE_VertexShader.h">
      <Filter>Rendering\Shaders</Filter>
    </ClInclude>
    <ClInclude Include="CE_GenericShader.h">
      <Filter>Rendering\Shaders</Filter>
    </ClInclude>
    <ClInclude Include="CE_ShaderSignature.h">
      <Filter>Rendering\Shaders</Filter>
    </ClInclude>
    <ClInclude Include="CE_ShaderPair.h">
      <Filter>Rendering\Shaders</Filter>
    </ClInclude>
    <ClInclude Include="CE_ShaderManager.h">
      <Filter>Rendering\Assets</Filter>
    </ClInclude>
    <ClInclude Include="CE_FileSystem.h">
      <Filter>Utility\Files</Filter>
    </ClInclude>
    <ClInclude Include="CE_NeuralNetwork.h">
      <Filter>AI\Neural Network</Filter>
    </ClInclude>
    <ClInclude Include="CE_Math.h">
      <Filter>Utility\Math</Filter>
    </ClInclude>
    <ClInclude Include="CE_GeneticAlgorithm.h">
      <Filter>AI\Neural Network</Filter>
    </ClInclude>
    <ClInclude Include="CT_Gizmo.h">
      <Filter>Tools</Filter>
    </ClInclude>
    <ClInclude Include="CT_ToolModule.h">
      <Filter>Tools</Filter>
    </ClInclude>
    <ClInclude Include="CE_Matrix44.h">
      <Filter>Utility\Math</Filter>
    </ClInclude>
    <ClInclude Include="CE_WindowManager.h">
      <Filter>DirectX\Windows</Filter>
    </ClInclude>
    <ClInclude Include="CE_Window.h">
      <Filter>DirectX\Windows</Filter>
    </ClInclude>
    <ClInclude Include="CE_WindowMessage.h">
      <Filter>DirectX\Windows</Filter>
    </ClInclude>
    <ClInclude Include="CE_BinaryFileWriter.h">
      <Filter>Utility\Files</Filter>
    </ClInclude>
    <ClInclude Include="CE_BinaryFileReader.h">
      <Filter>Utility\Files</Filter>
    </ClInclude>
    <ClInclude Include="CUI_Button.h">
      <Filter>GUI\Widgets</Filter>
    </ClInclude>
    <ClInclude Include="CUI_Dropbox.h">
      <Filter>GUI\Widgets</Filter>
    </ClInclude>
    <ClInclude Include="CUI_EditBox.h">
      <Filter>GUI\Widgets</Filter>
    </ClInclude>
    <ClInclude Include="CUI_Image.h">
      <Filter>GUI\Widgets</Filter>
    </ClInclude>
    <ClInclude Include="CUI_Label.h">
      <Filter>GUI\Widgets</Filter>
    </ClInclude>
    <ClInclude Include="CUI_TreeView.h">
      <Filter>GUI\Widgets</Filter>
    </ClInclude>
    <ClInclude Include="CUI_Widget.h">
      <Filter>GUI\Widgets</Filter>
    </ClInclude>
    <ClInclude Include="CUI_ValueController.h">
      <Filter>GUI\Widgets</Filter>
    </ClInclude>
    <ClInclude Include="CUI_VisualNode.h">
      <Filter>GUI\NodeEditor</Filter>
    </ClInclude>
    <ClInclude Include="CUI_NodeEditor.h">
      <Filter>GUI\NodeEditor</Filter>
    </ClInclude>
    <ClInclude Include="CUI_Pin.h">
      <Filter>GUI\NodeEditor</Filter>
    </ClInclude>
    <ClInclude Include="CUI_Message.h">
      <Filter>GUI</Filter>
    </ClInclude>
    <ClInclude Include="CE_TypeID.h">
      <Filter>Reflection</Filter>
    </ClInclude>
    <ClInclude Include="CE_TypeRegistration.h">
      <Filter>Reflection</Filter>
    </ClInclude>
    <ClInclude Include="CE_RenderingTypes.h">
      <Filter>Rendering</Filter>
    </ClInclude>
    <ClInclude Include="CE_Any.h">
      <Filter>Utility</Filter>
    </ClInclude>
    <ClInclude Include="CE_EngineDefines.h" />
    <ClInclude Include="CN_Pin.h">
      <Filter>NodeGraph\NativeNodes</Filter>
    </ClInclude>
    <ClInclude Include="CN_Node.h">
      <Filter>NodeGraph\NativeNodes</Filter>
    </ClInclude>
    <ClInclude Include="CN_NodeFactory.h">
      <Filter>NodeGraph</Filter>
    </ClInclude>
    <ClInclude Include="CN_ScriptDrawLineNode.h">
      <Filter>NodeGraph\Nodes</Filter>
    </ClInclude>
    <ClInclude Include="CN_ScriptInitNode.h">
      <Filter>NodeGraph\Nodes</Filter>
    </ClInclude>
    <ClInclude Include="CN_NodeGraph.h">
      <Filter>NodeGraph</Filter>
    </ClInclude>
    <ClInclude Include="CN_Script3In3OutNode.h">
      <Filter>NodeGraph\Nodes</Filter>
    </ClInclude>
    <ClInclude Include="CN_PositionNodes.h">
      <Filter>NodeGraph\Nodes</Filter>
    </ClInclude>
  </ItemGroup>
</Project>