<?xml version="1.0" encoding="utf-8"?>
<Project ToolsVersion="4.0" xmlns="http://schemas.microsoft.com/developer/msbuild/2003">
  <ItemGroup>
    <Filter Include="Precompile">
      <UniqueIdentifier>{905ccc4e-08d0-402c-af00-0ed6acfe4d92}</UniqueIdentifier>
    </Filter>
    <Filter Include="Entity">
      <UniqueIdentifier>{6473163f-9200-44ef-b238-6fbb68c9a649}</UniqueIdentifier>
    </Filter>
    <Filter Include="Entity\Processor">
      <UniqueIdentifier>{2c82fa0c-b041-4721-a182-7f3a8a675201}</UniqueIdentifier>
    </Filter>
    <Filter Include="Entity\Component">
      <UniqueIdentifier>{dc52c66c-b288-46a2-aeea-218eb0241c5b}</UniqueIdentifier>
    </Filter>
  </ItemGroup>
  <ItemGroup>
    <ClInclude Include="stdafx.h">
      <Filter>Precompile</Filter>
    </ClInclude>
    <ClInclude Include="Game.h" />
    <ClInclude Include="TranslationComponent.h">
      <Filter>Entity\Component</Filter>
    </ClInclude>
    <ClInclude Include="RenderComponent.h">
      <Filter>Entity\Component</Filter>
    </ClInclude>
    <ClInclude Include="RenderProcessor.h">
      <Filter>Entity\Processor</Filter>
    </ClInclude>
    <ClInclude Include="RotationComponent.h">
      <Filter>Entity\Component</Filter>
    </ClInclude>
    <ClInclude Include="RotationProcessor.h">
      <Filter>Entity\Processor</Filter>
    </ClInclude>
    <ClInclude Include="InputComponent.h">
      <Filter>Entity\Component</Filter>
    </ClInclude>
    <ClInclude Include="InputProcessor.h">
      <Filter>Entity\Processor</Filter>
    </ClInclude>
    <ClInclude Include="CollisionComponent.h">
      <Filter>Entity\Component</Filter>
    </ClInclude>
    <ClInclude Include="CollisionProcessor.h">
      <Filter>Entity\Processor</Filter>
    </ClInclude>
    <ClInclude Include="CollisionSingletonComponent.h">
      <Filter>Entity\Component</Filter>
    </ClInclude>
  </ItemGroup>
  <ItemGroup>
    <ClCompile Include="stdafx.cpp">
      <Filter>Precompile</Filter>
    </ClCompile>
    <ClCompile Include="Game.cpp" />
    <ClCompile Include="RenderProcessor.cpp">
      <Filter>Entity\Processor</Filter>
    </ClCompile>
    <ClCompile Include="RotationProcessor.cpp">
      <Filter>Entity\Processor</Filter>
    </ClCompile>
    <ClCompile Include="InputProcessor.cpp">
      <Filter>Entity\Processor</Filter>
    </ClCompile>
    <ClCompile Include="CollisionProcessor.cpp">
      <Filter>Entity\Processor</Filter>
    </ClCompile>
  </ItemGroup>
</Project>