<?xml version="1.0" encoding="utf-8"?>
<Project ToolsVersion="4.0" xmlns="http://schemas.microsoft.com/developer/msbuild/2003">
  <ItemGroup>
    <Filter Include="Precompile">
      <UniqueIdentifier>{905ccc4e-08d0-402c-af00-0ed6acfe4d92}</UniqueIdentifier>
    </Filter>
    <Filter Include="Entity">
      <UniqueIdentifier>{6473163f-9200-44ef-b238-6fbb68c9a649}</UniqueIdentifier>
    </Filter>
    <Filter Include="Entity\Processor">
      <UniqueIdentifier>{2c82fa0c-b041-4721-a182-7f3a8a675201}</UniqueIdentifier>
    </Filter>
    <Filter Include="Entity\Component">
      <UniqueIdentifier>{dc52c66c-b288-46a2-aeea-218eb0241c5b}</UniqueIdentifier>
    </Filter>
    <Filter Include="Entity\SingletonComponent">
      <UniqueIdentifier>{c5bd4bf8-12b4-4d01-83be-b287ca6486ba}</UniqueIdentifier>
    </Filter>
  </ItemGroup>
  <ItemGroup>
    <ClInclude Include="stdafx.h">
      <Filter>Precompile</Filter>
    </ClInclude>
    <ClInclude Include="Game.h" />
    <ClInclude Include="TranslationComponent.h">
      <Filter>Entity\Component</Filter>
    </ClInclude>
    <ClInclude Include="RenderComponent.h">
      <Filter>Entity\Component</Filter>
    </ClInclude>
    <ClInclude Include="RenderProcessor.h">
      <Filter>Entity\Processor</Filter>
    </ClInclude>
    <ClInclude Include="CollisionComponent.h">
      <Filter>Entity\Component</Filter>
    </ClInclude>
    <ClInclude Include="CollisionProcessor.h">
      <Filter>Entity\Processor</Filter>
    </ClInclude>
    <ClInclude Include="InventoryComponent.h">
      <Filter>Entity\Component</Filter>
    </ClInclude>
    <ClInclude Include="PickUpComponent.h">
      <Filter>Entity\Component</Filter>
    </ClInclude>
    <ClInclude Include="Types.h">
      <Filter>Entity</Filter>
    </ClInclude>
    <ClInclude Include="PickUpProcessor.h">
      <Filter>Entity\Processor</Filter>
    </ClInclude>
    <ClInclude Include="EntityFactory.h">
      <Filter>Entity</Filter>
    </ClInclude>
    <ClInclude Include="MovementComponent.h">
      <Filter>Entity\Component</Filter>
    </ClInclude>
    <ClInclude Include="MovementProcessor.h">
      <Filter>Entity\Processor</Filter>
    </ClInclude>
    <ClInclude Include="InputProcessor.h">
      <Filter>Entity\Processor</Filter>
    </ClInclude>
    <ClInclude Include="PlacingProcessor.h">
      <Filter>Entity\Processor</Filter>
    </ClInclude>
    <ClInclude Include="CreateEntityProcessor.h">
      <Filter>Entity\Processor</Filter>
    </ClInclude>
    <ClInclude Include="InputSingletonComponent.h">
      <Filter>Entity\SingletonComponent</Filter>
    </ClInclude>
    <ClInclude Include="CreateEntitySingletonComponent.h">
      <Filter>Entity\SingletonComponent</Filter>
    </ClInclude>
    <ClInclude Include="CollisionSingletonComponent.h">
      <Filter>Entity\SingletonComponent</Filter>
    </ClInclude>
    <ClInclude Include="MoverComponent.h">
      <Filter>Entity\Component</Filter>
    </ClInclude>
    <ClInclude Include="MoverProcessor.h">
      <Filter>Entity\Processor</Filter>
    </ClInclude>
    <ClInclude Include="AABBProcessor.h">
      <Filter>Entity\Processor</Filter>
    </ClInclude>
    <ClInclude Include="SelectionProcessor.h">
      <Filter>Entity\Processor</Filter>
    </ClInclude>
    <ClInclude Include="AABBComponent.h">
      <Filter>Entity\Component</Filter>
    </ClInclude>
    <ClInclude Include="SelectedEntitySingletonComponent.h">
      <Filter>Entity\SingletonComponent</Filter>
    </ClInclude>
  </ItemGroup>
  <ItemGroup>
    <ClCompile Include="stdafx.cpp">
      <Filter>Precompile</Filter>
    </ClCompile>
    <ClCompile Include="Game.cpp" />
    <ClCompile Include="RenderProcessor.cpp">
      <Filter>Entity\Processor</Filter>
    </ClCompile>
    <ClCompile Include="CollisionProcessor.cpp">
      <Filter>Entity\Processor</Filter>
    </ClCompile>
    <ClCompile Include="PickUpProcessor.cpp">
      <Filter>Entity\Processor</Filter>
    </ClCompile>
    <ClCompile Include="EntityFactory.cpp">
      <Filter>Entity</Filter>
    </ClCompile>
    <ClCompile Include="MovementProcessor.cpp">
      <Filter>Entity\Processor</Filter>
    </ClCompile>
    <ClCompile Include="InputProcessor.cpp">
      <Filter>Entity\Processor</Filter>
    </ClCompile>
    <ClCompile Include="PlacingProcessor.cpp">
      <Filter>Entity\Processor</Filter>
    </ClCompile>
    <ClCompile Include="CreateEntityProcessor.cpp">
      <Filter>Entity\Processor</Filter>
    </ClCompile>
    <ClCompile Include="MoverProcessor.cpp">
      <Filter>Entity\Processor</Filter>
    </ClCompile>
    <ClCompile Include="AABBProcessor.cpp">
      <Filter>Entity\Processor</Filter>
    </ClCompile>
    <ClCompile Include="SelectionProcessor.cpp">
      <Filter>Entity\Processor</Filter>
    </ClCompile>
  </ItemGroup>
</Project>