<?xml version="1.0" encoding="utf-8"?>
<Project ToolsVersion="4.0" xmlns="http://schemas.microsoft.com/developer/msbuild/2003">
  <ItemGroup>
    <Filter Include="Precompile">
      <UniqueIdentifier>{905ccc4e-08d0-402c-af00-0ed6acfe4d92}</UniqueIdentifier>
    </Filter>
    <Filter Include="Entity">
      <UniqueIdentifier>{6473163f-9200-44ef-b238-6fbb68c9a649}</UniqueIdentifier>
    </Filter>
    <Filter Include="Entity\Processor">
      <UniqueIdentifier>{2c82fa0c-b041-4721-a182-7f3a8a675201}</UniqueIdentifier>
    </Filter>
    <Filter Include="Entity\Component">
      <UniqueIdentifier>{dc52c66c-b288-46a2-aeea-218eb0241c5b}</UniqueIdentifier>
    </Filter>
    <Filter Include="Entity\SingletonComponent">
      <UniqueIdentifier>{c5bd4bf8-12b4-4d01-83be-b287ca6486ba}</UniqueIdentifier>
    </Filter>
    <Filter Include="Behavior">
      <UniqueIdentifier>{087dbb66-3dc6-4d7f-8062-6ee006aff25d}</UniqueIdentifier>
    </Filter>
    <Filter Include="Contexts">
      <UniqueIdentifier>{d8cc10a0-2462-4b9f-a9d2-4f42ab53f429}</UniqueIdentifier>
    </Filter>
  </ItemGroup>
  <ItemGroup>
    <ClInclude Include="stdafx.h">
      <Filter>Precompile</Filter>
    </ClInclude>
    <ClInclude Include="Game.h" />
    <ClInclude Include="TranslationComponent.h">
      <Filter>Entity\Component</Filter>
    </ClInclude>
    <ClInclude Include="RenderComponent.h">
      <Filter>Entity\Component</Filter>
    </ClInclude>
    <ClInclude Include="RenderProcessor.h">
      <Filter>Entity\Processor</Filter>
    </ClInclude>
    <ClInclude Include="InventoryComponent.h">
      <Filter>Entity\Component</Filter>
    </ClInclude>
    <ClInclude Include="Types.h">
      <Filter>Entity</Filter>
    </ClInclude>
    <ClInclude Include="EntityFactory.h">
      <Filter>Entity</Filter>
    </ClInclude>
    <ClInclude Include="MovementComponent.h">
      <Filter>Entity\Component</Filter>
    </ClInclude>
    <ClInclude Include="MovementProcessor.h">
      <Filter>Entity\Processor</Filter>
    </ClInclude>
    <ClInclude Include="InputProcessor.h">
      <Filter>Entity\Processor</Filter>
    </ClInclude>
    <ClInclude Include="CreateEntityProcessor.h">
      <Filter>Entity\Processor</Filter>
    </ClInclude>
    <ClInclude Include="InputSingletonComponent.h">
      <Filter>Entity\SingletonComponent</Filter>
    </ClInclude>
    <ClInclude Include="CreateEntitySingletonComponent.h">
      <Filter>Entity\SingletonComponent</Filter>
    </ClInclude>
    <ClInclude Include="CollisionSingletonComponent.h">
      <Filter>Entity\SingletonComponent</Filter>
    </ClInclude>
    <ClInclude Include="AABBProcessor.h">
      <Filter>Entity\Processor</Filter>
    </ClInclude>
    <ClInclude Include="SelectionProcessor.h">
      <Filter>Entity\Processor</Filter>
    </ClInclude>
    <ClInclude Include="AABBComponent.h">
      <Filter>Entity\Component</Filter>
    </ClInclude>
    <ClInclude Include="ResourceComponent.h">
      <Filter>Entity\Component</Filter>
    </ClInclude>
    <ClInclude Include="BehaviorComponent.h">
      <Filter>Entity\Component</Filter>
    </ClInclude>
    <ClInclude Include="BehaviorProcessor.h">
      <Filter>Entity\Processor</Filter>
    </ClInclude>
    <ClInclude Include="BT_FindStockpileNode.h">
      <Filter>Behavior</Filter>
    </ClInclude>
    <ClInclude Include="BT_GatherResourceNode.h">
      <Filter>Behavior</Filter>
    </ClInclude>
    <ClInclude Include="CursorSingletonComponent.h">
      <Filter>Entity\SingletonComponent</Filter>
    </ClInclude>
    <ClInclude Include="AIEventProcessor.h">
      <Filter>Entity\Processor</Filter>
    </ClInclude>
    <ClInclude Include="AIEventSingletonComponent.h">
      <Filter>Entity\SingletonComponent</Filter>
    </ClInclude>
    <ClInclude Include="GameContext.h">
      <Filter>Contexts</Filter>
    </ClInclude>
    <ClInclude Include="InGameContext.h">
      <Filter>Contexts</Filter>
    </ClInclude>
    <ClInclude Include="EntityEditorContext.h">
      <Filter>Contexts</Filter>
    </ClInclude>
    <ClInclude Include="RotationComponent.h">
      <Filter>Entity\Component</Filter>
    </ClInclude>
    <ClInclude Include="RotationProcessor.h">
      <Filter>Entity\Processor</Filter>
    </ClInclude>
    <ClInclude Include="LifetimeProcessor.h">
      <Filter>Entity\Processor</Filter>
    </ClInclude>
    <ClInclude Include="LifetimeComponent.h">
      <Filter>Entity\Component</Filter>
    </ClInclude>
    <ClInclude Include="NeuralNetworkProcessor.h">
      <Filter>Entity\Processor</Filter>
    </ClInclude>
    <ClInclude Include="NeuralNetworkComponent.h">
      <Filter>Entity\Component</Filter>
    </ClInclude>
    <ClInclude Include="LevelEditorContext.h">
      <Filter>Contexts</Filter>
    </ClInclude>
  </ItemGroup>
  <ItemGroup>
    <ClCompile Include="stdafx.cpp">
      <Filter>Precompile</Filter>
    </ClCompile>
    <ClCompile Include="Game.cpp" />
    <ClCompile Include="RenderProcessor.cpp">
      <Filter>Entity\Processor</Filter>
    </ClCompile>
    <ClCompile Include="EntityFactory.cpp">
      <Filter>Entity</Filter>
    </ClCompile>
    <ClCompile Include="MovementProcessor.cpp">
      <Filter>Entity\Processor</Filter>
    </ClCompile>
    <ClCompile Include="InputProcessor.cpp">
      <Filter>Entity\Processor</Filter>
    </ClCompile>
    <ClCompile Include="CreateEntityProcessor.cpp">
      <Filter>Entity\Processor</Filter>
    </ClCompile>
    <ClCompile Include="AABBProcessor.cpp">
      <Filter>Entity\Processor</Filter>
    </ClCompile>
    <ClCompile Include="SelectionProcessor.cpp">
      <Filter>Entity\Processor</Filter>
    </ClCompile>
    <ClCompile Include="BehaviorProcessor.cpp">
      <Filter>Entity\Processor</Filter>
    </ClCompile>
    <ClCompile Include="BT_FindStockpileNode.cpp">
      <Filter>Behavior</Filter>
    </ClCompile>
    <ClCompile Include="BT_GatherResourceNode.cpp">
      <Filter>Behavior</Filter>
    </ClCompile>
    <ClCompile Include="AIEventProcessor.cpp">
      <Filter>Entity\Processor</Filter>
    </ClCompile>
    <ClCompile Include="InGameContext.cpp">
      <Filter>Contexts</Filter>
    </ClCompile>
    <ClCompile Include="EntityEditorContext.cpp">
      <Filter>Contexts</Filter>
    </ClCompile>
    <ClCompile Include="RotationProcessor.cpp">
      <Filter>Entity\Processor</Filter>
    </ClCompile>
    <ClCompile Include="LifetimeProcessor.cpp">
      <Filter>Entity\Processor</Filter>
    </ClCompile>
    <ClCompile Include="NeuralNetworkProcessor.cpp">
      <Filter>Entity\Processor</Filter>
    </ClCompile>
    <ClCompile Include="LevelEditorContext.cpp">
      <Filter>Contexts</Filter>
    </ClCompile>
  </ItemGroup>
</Project>